version = 1
revision = 3
requires-python = ">=3.14"

[[package]]
name = "annotated-types"
version = "0.7.0"
source = { registry = "https://pypi.org/simple" }
sdist = { url = "https://files.pythonhosted.org/packages/ee/67/531ea369ba64dcff5ec9c3402f9f51bf748cec26dde048a2f973a4eea7f5/annotated_types-0.7.0.tar.gz", hash = "sha256:aff07c09a53a08bc8cfccb9c85b05f1aa9a2a6f23728d790723543408344ce89", size = 16081, upload-time = "2024-05-20T21:33:25.928Z" }
wheels = [
    { url = "https://files.pythonhosted.org/packages/78/b6/6307fbef88d9b5ee7421e68d78a9f162e0da4900bc5f5793f6d3d0e34fb8/annotated_types-0.7.0-py3-none-any.whl", hash = "sha256:1f02e8b43a8fbbc3f3e0d4f0f4bfc8131bcb4eebe8849b8e5c773f3a1c582a53", size = 13643, upload-time = "2024-05-20T21:33:24.1Z" },
]

[[package]]
name = "anyio"
version = "4.13.0"
source = { registry = "https://pypi.org/simple" }
dependencies = [
    { name = "idna" },
]
sdist = { url = "https://files.pythonhosted.org/packages/19/14/2c5dd9f512b66549ae92767a9c7b330ae88e1932ca57876909410251fe13/anyio-4.13.0.tar.gz", hash = "sha256:334b70e641fd2221c1505b3890c69882fe4a2df910cba14d97019b90b24439dc", size = 231622, upload-time = "2026-03-24T12:59:09.671Z" }
wheels = [
    { url = "https://files.pythonhosted.org/packages/da/42/e921fccf5015463e32a3cf6ee7f980a6ed0f395ceeaa45060b61d86486c2/anyio-4.13.0-py3-none-any.whl", hash = "sha256:08b310f9e24a9594186fd75b4f73f4a4152069e3853f1ed8bfbf58369f4ad708", size = 114353, upload-time = "2026-03-24T12:59:08.246Z" },
]

[[package]]
name = "certifi"
version = "2026.5.20"
source = { registry = "https://pypi.org/simple" }
sdist = { url = "https://files.pythonhosted.org/packages/f3/ce/ee2ecad540810a79593028e88299baeae54d346cc7a0d94b6199988b89b1/certifi-2026.5.20.tar.gz", hash = "sha256:69dea482ab64caa7b9f6aba1c6bf48bb6a5448d1c0f1b17ab42ad8c763a5344d", size = 135422, upload-time = "2026-05-20T11:46:50.073Z" }
wheels = [
    { url = "https://files.pythonhosted.org/packages/59/8c/57e832b7af6d7c5abe66eb3fbe3a3a32f4d11ea23a1aa7131371035be991/certifi-2026.5.20-py3-none-any.whl", hash = "sha256:3c52e209ba0a4ad7aebe60436a4ab349c39e1e602e8c134221e546902ad25897", size = 134134, upload-time = "2026-05-20T11:46:48.578Z" },
]

[[package]]
name = "colorama"
version = "0.4.6"
source = { registry = "https://pypi.org/simple" }
sdist = { url = "https://files.pythonhosted.org/packages/d8/53/6f443c9a4a8358a93a6792e2acffb9d9d5cb0a5cfd8802644b7b1c9a02e4/colorama-0.4.6.tar.gz", hash = "sha256:08695f5cb7ed6e0531a20572697297273c47b8cae5a63ffc6d6ed5c201be6e44", size = 27697, upload-time = "2022-10-25T02:36:22.414Z" }
wheels = [
    { url = "https://files.pythonhosted.org/packages/d1/d6/3965ed04c63042e047cb6a3e6ed1a63a35087b6a609aa3a15ed8ac56c221/colorama-0.4.6-py2.py3-none-any.whl", hash = "sha256:4f1d9991f5acc0ca119f9d443620b77f9d6b33703e51011c16baf57afb285fc6", size = 25335, upload-time = "2022-10-25T02:36:20.889Z" },
]

[[package]]
name = "distro"
version = "1.9.0"
source = { registry = "https://pypi.org/simple" }
sdist = { url = "https://files.pythonhosted.org/packages/fc/f8/98eea607f65de6527f8a2e8885fc8015d3e6f5775df186e443e0964a11c3/distro-1.9.0.tar.gz", hash = "sha256:2fa77c6fd8940f116ee1d6b94a2f90b13b5ea8d019b98bc8bafdcabcdd9bdbed", size = 60722, upload-time = "2023-12-24T09:54:32.31Z" }
wheels = [
    { url = "https://files.pythonhosted.org/packages/12/b3/231ffd4ab1fc9d679809f356cebee130ac7daa00d6d6f3206dd4fd137e9e/distro-1.9.0-py3-none-any.whl", hash = "sha256:7bffd925d65168f85027d8da9af6bddab658135b840670a223589bc0c8ef02b2", size = 20277, upload-time = "2023-12-24T09:54:30.421Z" },
]

[[package]]
name = "h11"
version = "0.16.0"
source = { registry = "https://pypi.org/simple" }
sdist = { url = "https://files.pythonhosted.org/packages/01/ee/02a2c011bdab74c6fb3c75474d40b3052059d95df7e73351460c8588d963/h11-0.16.0.tar.gz", hash = "sha256:4e35b956cf45792e4caa5885e69fba00bdbc6ffafbfa020300e549b208ee5ff1", size = 101250, upload-time = "2025-04-24T03:35:25.427Z" }
wheels = [
    { url = "https://files.pythonhosted.org/packages/04/4b/29cac41a4d98d144bf5f6d33995617b185d14b22401f75ca86f384e87ff1/h11-0.16.0-py3-none-any.whl", hash = "sha256:63cf8bbe7522de3bf65932fda1d9c2772064ffb3dae62d55932da54b31cb6c86", size = 37515, upload-time = "2025-04-24T03:35:24.344Z" },
]

[[package]]
name = "httpcore"
version = "1.0.9"
source = { registry = "https://pypi.org/simple" }
dependencies = [
    { name = "certifi" },
    { name = "h11" },
]
sdist = { url = "https://files.pythonhosted.org/packages/06/94/82699a10bca87a5556c9c59b5963f2d039dbd239f25bc2a63907a05a14cb/httpcore-1.0.9.tar.gz", hash = "sha256:6e34463af53fd2ab5d807f399a9b45ea31c3dfa2276f15a2c3f00afff6e176e8", size = 85484, upload-time = "2025-04-24T22:06:22.219Z" }
wheels = [
    { url = "https://files.pythonhosted.org/packages/7e/f5/f66802a942d491edb555dd61e3a9961140fd64c90bce1eafd741609d334d/httpcore-1.0.9-py3-none-any.whl", hash = "sha256:2d400746a40668fc9dec9810239072b40b4484b640a8c38fd654a024c7a1bf55", size = 78784, upload-time = "2025-04-24T22:06:20.566Z" },
]

[[package]]
name = "httpx"
version = "0.28.1"
source = { registry = "https://pypi.org/simple" }
dependencies = [
    { name = "anyio" },
    { name = "certifi" },
    { name = "httpcore" },
    { name = "idna" },
]
sdist = { url = "https://files.pythonhosted.org/packages/b1/df/48c586a5fe32a0f01324ee087459e112ebb7224f646c0b5023f5e79e9956/httpx-0.28.1.tar.gz", hash = "sha256:75e98c5f16b0f35b567856f597f06ff2270a374470a5c2392242528e3e3e42fc", size = 141406, upload-time = "2024-12-06T15:37:23.222Z" }
wheels = [
    { url = "https://files.pythonhosted.org/packages/2a/39/e50c7c3a983047577ee07d2a9e53faf5a69493943ec3f6a384bdc792deb2/httpx-0.28.1-py3-none-any.whl", hash = "sha256:d909fcccc110f8c7faf814ca82a9a4d816bc5a6dbfea25d6591d6985b8ba59ad", size = 73517, upload-time = "2024-12-06T15:37:21.509Z" },
]

[[package]]
name = "idna"
version = "3.18"
source = { registry = "https://pypi.org/simple" }
sdist = { url = "https://files.pythonhosted.org/packages/cd/63/9496c57188a2ee585e0f1db071d75089a11e98aa86eb99d9d7618fc1edce/idna-3.18.tar.gz", hash = "sha256:ffb385a7e039654cef1ab9ef32c6fafe283c0c0467bba1d9029738ce4a14a848", size = 196711, upload-time = "2026-06-02T14:34:07.794Z" }
wheels = [
    { url = "https://files.pythonhosted.org/packages/1e/5e/d4e9f1a599fb8e573b7b87160658329fbf28d19eac2718f51fc3def3aa5a/idna-3.18-py3-none-any.whl", hash = "sha256:7f952cbe720b688055e3f87de14f5c3e5fdaa8bc3928985c4077ca689de849a2", size = 65455, upload-time = "2026-06-02T14:34:06.319Z" },
]

[[package]]
name = "iniconfig"
version = "2.3.0"
source = { registry = "https://pypi.org/simple" }
sdist = { url = "https://files.pythonhosted.org/packages/72/34/14ca021ce8e5dfedc35312d08ba8bf51fdd999c576889fc2c24cb97f4f10/iniconfig-2.3.0.tar.gz", hash = "sha256:c76315c77db068650d49c5b56314774a7804df16fee4402c1f19d6d15d8c4730", size = 20503, upload-time = "2025-10-18T21:55:43.219Z" }
wheels = [
    { url = "https://files.pythonhosted.org/packages/cb/b1/3846dd7f199d53cb17f49cba7e651e9ce294d8497c8c150530ed11865bb8/iniconfig-2.3.0-py3-none-any.whl", hash = "sha256:f631c04d2c48c52b84d0d0549c99ff3859c98df65b3101406327ecc7d53fbf12", size = 7484, upload-time = "2025-10-18T21:55:41.639Z" },
]

[[package]]
name = "jiter"
version = "0.15.0"
source = { registry = "https://pypi.org/simple" }
sdist = { url = "https://files.pythonhosted.org/packages/66/b5/55f06bb281d92fb3cc86d14e1def2bd908bb77693183e7cb1f5a3c388b0c/jiter-0.15.0.tar.gz", hash = "sha256:4251acc80e2b7c9b7b8823456ea0fceeb0734dac2df7636d3c711b38476b5a76", size = 166640, upload-time = "2026-05-19T10:09:48.361Z" }
wheels = [
    { url = "https://files.pythonhosted.org/packages/eb/d2/079f350ebf7859d081de30aa890f9e3be68516f754f3ba32366ffff4dcee/jiter-0.15.0-cp314-cp314-macosx_10_12_x86_64.whl", hash = "sha256:ac0d9ddea4350974be7a221fc25895f251a8fee748c889bdced2141c0fec1a49", size = 308884, upload-time = "2026-05-19T10:08:31.667Z" },
    { url = "https://files.pythonhosted.org/packages/04/4e/a2c30a7f69b48c03b20935d647479106fe932f6e63f75faf53937197e05d/jiter-0.15.0-cp314-cp314-macosx_11_0_arm64.whl", hash = "sha256:01a8222cf05ab1128e239421156c207949808acaaea2bdfd33130ae666786e86", size = 310028, upload-time = "2026-05-19T10:08:33.304Z" },
    { url = "https://files.pythonhosted.org/packages/40/90/2e7cdfd3cf8ca967be38c48f5cf474d79f089efaf559a40f15984a77ae69/jiter-0.15.0-cp314-cp314-manylinux_2_17_aarch64.manylinux2014_aarch64.whl", hash = "sha256:182226cbc930c9fab81bc2e41a4da672f89539906dadb05e75670ac07b94f71f", size = 337485, upload-time = "2026-05-19T10:08:35.259Z" },
    { url = "https://files.pythonhosted.org/packages/9b/11/15a1aa28b120b8ee5b4f1fb894c125046225f09847738bd64233d3b84883/jiter-0.15.0-cp314-cp314-manylinux_2_17_armv7l.manylinux2014_armv7l.whl", hash = "sha256:71683c38c825452999b5717fcae07ea708e8c93003e808be4319c1b02e3d176e", size = 364223, upload-time = "2026-05-19T10:08:36.694Z" },
    { url = "https://files.pythonhosted.org/packages/b7/25/f442e8af5f3d0dcf47b39e83a0efd9ee45ea946aa6d04625dc3181eae3b6/jiter-0.15.0-cp314-cp314-manylinux_2_17_ppc64le.manylinux2014_ppc64le.whl", hash = "sha256:30f2218e6a9e5c18bc10fe6d41ac189c442c88eacf11bad9f28ef95a9bef00e6", size = 456387, upload-time = "2026-05-19T10:08:38.143Z" },
    { url = "https://files.pythonhosted.org/packages/da/f4/37f2d2c9f64f49af7da652ed7532bb5a2372e588e6927c3fdd76f911db65/jiter-0.15.0-cp314-cp314-manylinux_2_17_s390x.manylinux2014_s390x.whl", hash = "sha256:5157de9f76eb4bc5ea74a1219366a25f945ad305641d74e04f59c54087091aa9", size = 374461, upload-time = "2026-05-19T10:08:39.869Z" },
    { url = "https://files.pythonhosted.org/packages/60/28/edcfbbbf0cb15436f36664a8908a0df47ab9006298d4cd937dc08ea932d6/jiter-0.15.0-cp314-cp314-manylinux_2_17_x86_64.manylinux2014_x86_64.whl", hash = "sha256:90c5db5527c221249a876160663ab891ace358c17f7b9c93ec1478b7f0550e5c", size = 345924, upload-time = "2026-05-19T10:08:41.668Z" },
    { url = "https://files.pythonhosted.org/packages/47/13/89fba6398dab7f202b7278c4b4aac122399d2c0183971c4a57a3b7088df5/jiter-0.15.0-cp314-cp314-manylinux_2_31_riscv64.whl", hash = "sha256:3e4540b8e74e4268811ac05db226a6a128ff572e7e0ce3f1163b693cadb184cd", size = 352283, upload-time = "2026-05-19T10:08:43.091Z" },
    { url = "https://files.pythonhosted.org/packages/1b/da/0f6af8cef2c565a1ab44d970f268c43ccaa72707386ea6388e6fe2b6cd26/jiter-0.15.0-cp314-cp314-manylinux_2_5_i686.manylinux1_i686.whl", hash = "sha256:62ebd14e47e9aed9df4472afcb2663668ce4d74891cd54f86bf6e44029d6dc89", size = 389985, upload-time = "2026-05-19T10:08:44.915Z" },
    { url = "https://files.pythonhosted.org/packages/a1/ec/b9cb7d6d29e24ee14910266157d2a279d7a8f60ee0df7fa840882976ba64/jiter-0.15.0-cp314-cp314-musllinux_1_1_aarch64.whl", hash = "sha256:0be6f5ad41a809f303f416d17cec92a7a725902fb9b4f3de3d19362ac0ef8554", size = 517695, upload-time = "2026-05-19T10:08:46.486Z" },
    { url = "https://files.pythonhosted.org/packages/64/5e/6d1bda880723aae0ad86b4b763f044362448efe31e3e819635d41cb03451/jiter-0.15.0-cp314-cp314-musllinux_1_1_x86_64.whl", hash = "sha256:813dfbb17d65328bf86e5f0905dd277ba2265d3ca20556e86c0c7035b7182e5a", size = 548868, upload-time = "2026-05-19T10:08:48.026Z" },
    { url = "https://files.pythonhosted.org/packages/0c/72/7de501cf38dcacaf35098796f3a50e0f2e338baba18a58946c618544b809/jiter-0.15.0-cp314-cp314-win32.whl", hash = "sha256:50e51156192722a9c58db112837d3f8ef96fb3c5ecc14e95f409134b08b158ec", size = 206380, upload-time = "2026-05-19T10:08:49.738Z" },
    { url = "https://files.pythonhosted.org/packages/1e/a9/e19addf4b0c1bdce52c6da12351e6bc42c340c45e7c09e2158e46d293ccc/jiter-0.15.0-cp314-cp314-win_amd64.whl", hash = "sha256:30ce1a5d16b5641dc935d50ef775af6a0871e3d14ab05d6fc54dff371b78e558", size = 197687, upload-time = "2026-05-19T10:08:51.088Z" },
    { url = "https://files.pythonhosted.org/packages/f2/c9/776b1db01db25fc6c1d58d1979a37b0a9fe787e5f5b1d062d2eaacb77923/jiter-0.15.0-cp314-cp314-win_arm64.whl", hash = "sha256:510c8b3c17a0ed9ac69850c0438dada3c9b82d9c4d589fcb62002a5a9cf3a866", size = 192571, upload-time = "2026-05-19T10:08:52.451Z" },
    { url = "https://files.pythonhosted.org/packages/a0/f6/45bb4670bacf300fd2c7abadbfb3af376e5f1b6ae75fd9bc069891d15870/jiter-0.15.0-cp314-cp314t-macosx_11_0_arm64.whl", hash = "sha256:7553333dd0930c104a5a0db8df72bf7219fe663d731383b576bb6ed6351c984d", size = 317151, upload-time = "2026-05-19T10:08:53.867Z" },
    { url = "https://files.pythonhosted.org/packages/d7/68/ed635ad5acd7b73e454283083bbb7c8205ad10e88b0d9d7d793b09fe8226/jiter-0.15.0-cp314-cp314t-manylinux_2_17_aarch64.manylinux2014_aarch64.whl", hash = "sha256:f2143ab06181d2b029eedcb6af3cebe95f11bbac62441781860f98ee9330a6a6", size = 341243, upload-time = "2026-05-19T10:08:55.383Z" },
    { url = "https://files.pythonhosted.org/packages/5d/db/3ff4176b817b8ea33879e71e13d8bc2b0d481a7ed3fe9e080f333d415c16/jiter-0.15.0-cp314-cp314t-manylinux_2_17_armv7l.manylinux2014_armv7l.whl", hash = "sha256:6eac374c5c975709b69c10f09afd199df74150172156ad10c8d4fd785b7da995", size = 363629, upload-time = "2026-05-19T10:08:56.928Z" },
    { url = "https://files.pythonhosted.org/packages/ab/24/5f8270e0ba9c883582f96f722f8a0b58015c7ce1f8c6d4571cf394e99b6b/jiter-0.15.0-cp314-cp314t-manylinux_2_17_ppc64le.manylinux2014_ppc64le.whl", hash = "sha256:b3b3b775e33d3bfaec9899edc526ae97b0da0bf9d071a46124ba419149a414f8", size = 456198, upload-time = "2026-05-19T10:08:58.618Z" },
    { url = "https://files.pythonhosted.org/packages/45/5b/76fc02b0b5c54c3d18c60653156e2f76fde1816f9b4722db68d6ee2c897e/jiter-0.15.0-cp314-cp314t-manylinux_2_17_s390x.manylinux2014_s390x.whl", hash = "sha256:eda3071db3346334beae1360b46da4606da57bf3528c167b3c38533afaf9f2c5", size = 373710, upload-time = "2026-05-19T10:09:00.151Z" },
    { url = "https://files.pythonhosted.org/packages/c4/52/4310821b0ea9277994d3e1f49fc6a4b34e4800caebacb2c0af81da59a454/jiter-0.15.0-cp314-cp314t-manylinux_2_17_x86_64.manylinux2014_x86_64.whl", hash = "sha256:c6694a173ecabc12eb60efbc0b474464ead1951ff65cd8b1e72100715c64512b", size = 349901, upload-time = "2026-05-19T10:09:01.621Z" },
    { url = "https://files.pythonhosted.org/packages/93/fe/67648c35b3594fba8854ac64cc8a826d8bcd18324bbdb53d77697c60b6ef/jiter-0.15.0-cp314-cp314t-manylinux_2_31_riscv64.whl", hash = "sha256:a254e10b593624d230c365b6d616b22ca0ad65e63a16e6631c2b3466022e6ba8", size = 352438, upload-time = "2026-05-19T10:09:03.216Z" },
    { url = "https://files.pythonhosted.org/packages/cb/28/0a1879d07ad6b3e025a2750027363452ced93c2d16d1c9d4b153ffd51c91/jiter-0.15.0-cp314-cp314t-manylinux_2_5_i686.manylinux1_i686.whl", hash = "sha256:d8d2955167274e15d79a7a020afdd9b39c990eb80b2d89fca695d92dcfdd38ec", size = 388152, upload-time = "2026-05-19T10:09:04.741Z" },
    { url = "https://files.pythonhosted.org/packages/c1/78/46c6f6b56ba85c90021f4afd72ed42f691f8f84daacb5fe27277070e3858/jiter-0.15.0-cp314-cp314t-musllinux_1_1_aarch64.whl", hash = "sha256:acf4ee4d1fc55917239fe72972fb292dd773055d05eb040d36f4326e02cc2c0e", size = 517707, upload-time = "2026-05-19T10:09:06.231Z" },
    { url = "https://files.pythonhosted.org/packages/ca/cb/720662d4c88fcad606e826fef5424365527ba43ce4868a479aed8f8c507e/jiter-0.15.0-cp314-cp314t-musllinux_1_1_x86_64.whl", hash = "sha256:e7196e56f1cd69af1dbb07dff02dcfb260a50b45a82d409d92a06fedb32473b5", size = 548241, upload-time = "2026-05-19T10:09:08.093Z" },
    { url = "https://files.pythonhosted.org/packages/60/e3/935b8034fd143f21125c87d51404a9e0e1449186a494405721ff5d1d695e/jiter-0.15.0-cp314-cp314t-win32.whl", hash = "sha256:7f6163c0f10b055245f814dcc59f4818da60dfe72f3e72ab89fc24b6bd5e9c52", size = 207950, upload-time = "2026-05-19T10:09:09.616Z" },
    { url = "https://files.pythonhosted.org/packages/93/59/984fd9ece895953dad3e0880a650e766f5a2da2c5514f0eafdaaabbeb5f9/jiter-0.15.0-cp314-cp314t-win_amd64.whl", hash = "sha256:980c256edb05b78a111b99c4de3b1d32e31634b867fd1fc2cf726e7b7bba9854", size = 200055, upload-time = "2026-05-19T10:09:11.367Z" },
    { url = "https://files.pythonhosted.org/packages/0e/a4/cf8d779feb133a27a2e3bc833bccb9e13aa332cdf820497ebf72c10ce8c3/jiter-0.15.0-cp314-cp314t-win_arm64.whl", hash = "sha256:66b1880df2d01e206e8339769d1c7c1753bcb653efd6289e203f6f24ebada0c0", size = 191244, upload-time = "2026-05-19T10:09:12.74Z" },
]

[[package]]
name = "openai"
version = "2.41.1"
source = { registry = "https://pypi.org/simple" }
dependencies = [
    { name = "anyio" },
    { name = "distro" },
    { name = "httpx" },
    { name = "jiter" },
    { name = "pydantic" },
    { name = "sniffio" },
    { name = "tqdm" },
    { name = "typing-extensions" },
]
sdist = { url = "https://files.pythonhosted.org/packages/40/36/4c926a91554483977608951360c18c2e911592785eb87a6437813f6123f7/openai-2.41.1.tar.gz", hash = "sha256:23d617a0432457ad844973bee8f540be9da90894f7c5686852d2d365da058f57", size = 783584, upload-time = "2026-06-10T16:10:37.667Z" }
wheels = [
    { url = "https://files.pythonhosted.org/packages/20/74/925d7b3892927e9804aaf58d374a45dc28e4420ff90e992272b77286343e/openai-2.41.1-py3-none-any.whl", hash = "sha256:a939565f350cb7443cb843b801b88c716ac8024b492fb94ca269d5f6b1bbefd6", size = 1353380, upload-time = "2026-06-10T16:10:35.756Z" },
]

[[package]]
name = "packaging"
version = "26.2"
source = { registry = "https://pypi.org/simple" }
sdist = { url = "https://files.pythonhosted.org/packages/d7/f1/e7a6dd94a8d4a5626c03e4e99c87f241ba9e350cd9e6d75123f992427270/packaging-26.2.tar.gz", hash = "sha256:ff452ff5a3e828ce110190feff1178bb1f2ea2281fa2075aadb987c2fb221661", size = 228134, upload-time = "2026-04-24T20:15:23.917Z" }
wheels = [
    { url = "https://files.pythonhosted.org/packages/df/b2/87e62e8c3e2f4b32e5fe99e0b86d576da1312593b39f47d8ceef365e95ed/packaging-26.2-py3-none-any.whl", hash = "sha256:5fc45236b9446107ff2415ce77c807cee2862cb6fac22b8a73826d0693b0980e", size = 100195, upload-time = "2026-04-24T20:15:22.081Z" },
]

[[package]]
name = "pheragent"
version = "0.1.0"
source = { editable = "." }
dependencies = [
    { name = "openai" },
    { name = "pydantic" },
    { name = "pyyaml" },
]

[package.dev-dependencies]
dev = [
    { name = "pytest" },
    { name = "ruff" },
]

[package.metadata]
requires-dist = [
    { name = "openai", specifier = ">=2.0" },
    { name = "pydantic", specifier = "==2.12.0" },
    { name = "pyyaml", specifier = ">=6.0.2" },
]

[package.metadata.requires-dev]
dev = [
    { name = "pytest", specifier = ">=8.4" },
    { name = "ruff", specifier = ">=0.12" },
]

[[package]]
name = "pluggy"
version = "1.6.0"
source = { registry = "https://pypi.org/simple" }
sdist = { url = "https://files.pythonhosted.org/packages/f9/e2/3e91f31a7d2b083fe6ef3fa267035b518369d9511ffab804f839851d2779/pluggy-1.6.0.tar.gz", hash = "sha256:7dcc130b76258d33b90f61b658791dede3486c3e6bfb003ee5c9bfb396dd22f3", size = 69412, upload-time = "2025-05-15T12:30:07.975Z" }
wheels = [
    { url = "https://files.pythonhosted.org/packages/54/20/4d324d65cc6d9205fabedc306948156824eb9f0ee1633355a8f7ec5c66bf/pluggy-1.6.0-py3-none-any.whl", hash = "sha256:e920276dd6813095e9377c0bc5566d94c932c33b27a3e3945d8389c374dd4746", size = 20538, upload-time = "2025-05-15T12:30:06.134Z" },
]

[[package]]
name = "pydantic"
version = "2.12.0"
source = { registry = "https://pypi.org/simple" }
dependencies = [
    { name = "annotated-types" },
    { name = "pydantic-core" },
    { name = "typing-extensions" },
    { name = "typing-inspection" },
]
sdist = { url = "https://files.pythonhosted.org/packages/c3/da/b8a7ee04378a53f6fefefc0c5e05570a3ebfdfa0523a878bcd3b475683ee/pydantic-2.12.0.tar.gz", hash = "sha256:c1a077e6270dbfb37bfd8b498b3981e2bb18f68103720e51fa6c306a5a9af563", size = 814760, upload-time = "2025-10-07T15:58:03.467Z" }
wheels = [
    { url = "https://files.pythonhosted.org/packages/f4/9d/d5c855424e2e5b6b626fbc6ec514d8e655a600377ce283008b115abb7445/pydantic-2.12.0-py3-none-any.whl", hash = "sha256:f6a1da352d42790537e95e83a8bdfb91c7efbae63ffd0b86fa823899e807116f", size = 459730, upload-time = "2025-10-07T15:58:01.576Z" },
]

[[package]]
name = "pydantic-core"
version = "2.41.1"
source = { registry = "https://pypi.org/simple" }
dependencies = [
    { name = "typing-extensions" },
]
sdist = { url = "https://files.pythonhosted.org/packages/7d/14/12b4a0d2b0b10d8e1d9a24ad94e7bbb43335eaf29c0c4e57860e8a30734a/pydantic_core-2.41.1.tar.gz", hash = "sha256:1ad375859a6d8c356b7704ec0f547a58e82ee80bb41baa811ad710e124bc8f2f", size = 454870, upload-time = "2025-10-07T10:50:45.974Z" }
wheels = [
    { url = "https://files.pythonhosted.org/packages/41/12/cec246429ddfa2778d2d6301eca5362194dc8749ecb19e621f2f65b5090f/pydantic_core-2.41.1-cp314-cp314-macosx_10_12_x86_64.whl", hash = "sha256:05226894a26f6f27e1deb735d7308f74ef5fa3a6de3e0135bb66cdcaee88f64b", size = 2107836, upload-time = "2025-10-06T21:11:20.432Z" },
    { url = "https://files.pythonhosted.org/packages/20/39/baba47f8d8b87081302498e610aefc37142ce6a1cc98b2ab6b931a162562/pydantic_core-2.41.1-cp314-cp314-macosx_11_0_arm64.whl", hash = "sha256:85ff7911c6c3e2fd8d3779c50925f6406d770ea58ea6dde9c230d35b52b16b4a", size = 1904449, upload-time = "2025-10-06T21:11:22.185Z" },
    { url = "https://files.pythonhosted.org/packages/50/32/9a3d87cae2c75a5178334b10358d631bd094b916a00a5993382222dbfd92/pydantic_core-2.41.1-cp314-cp314-manylinux_2_17_aarch64.manylinux2014_aarch64.whl", hash = "sha256:47f1f642a205687d59b52dc1a9a607f45e588f5a2e9eeae05edd80c7a8c47674", size = 1961750, upload-time = "2025-10-06T21:11:24.348Z" },
    { url = "https://files.pythonhosted.org/packages/27/42/a96c9d793a04cf2a9773bff98003bb154087b94f5530a2ce6063ecfec583/pydantic_core-2.41.1-cp314-cp314-manylinux_2_17_armv7l.manylinux2014_armv7l.whl", hash = "sha256:df11c24e138876ace5ec6043e5cae925e34cf38af1a1b3d63589e8f7b5f5cdc4", size = 2063305, upload-time = "2025-10-06T21:11:26.556Z" },
    { url = "https://files.pythonhosted.org/packages/3e/8d/028c4b7d157a005b1f52c086e2d4b0067886b213c86220c1153398dbdf8f/pydantic_core-2.41.1-cp314-cp314-manylinux_2_17_ppc64le.manylinux2014_ppc64le.whl", hash = "sha256:7f0bf7f5c8f7bf345c527e8a0d72d6b26eda99c1227b0c34e7e59e181260de31", size = 2228959, upload-time = "2025-10-06T21:11:28.426Z" },
    { url = "https://files.pythonhosted.org/packages/08/f7/ee64cda8fcc9ca3f4716e6357144f9ee71166775df582a1b6b738bf6da57/pydantic_core-2.41.1-cp314-cp314-manylinux_2_17_s390x.manylinux2014_s390x.whl", hash = "sha256:82b887a711d341c2c47352375d73b029418f55b20bd7815446d175a70effa706", size = 2345421, upload-time = "2025-10-06T21:11:30.226Z" },
    { url = "https://files.pythonhosted.org/packages/13/c0/e8ec05f0f5ee7a3656973ad9cd3bc73204af99f6512c1a4562f6fb4b3f7d/pydantic_core-2.41.1-cp314-cp314-manylinux_2_17_x86_64.manylinux2014_x86_64.whl", hash = "sha256:b5f1d5d6bbba484bdf220c72d8ecd0be460f4bd4c5e534a541bb2cd57589fb8b", size = 2065288, upload-time = "2025-10-06T21:11:32.019Z" },
    { url = "https://files.pythonhosted.org/packages/0a/25/d77a73ff24e2e4fcea64472f5e39b0402d836da9b08b5361a734d0153023/pydantic_core-2.41.1-cp314-cp314-manylinux_2_5_i686.manylinux1_i686.whl", hash = "sha256:2bf1917385ebe0f968dc5c6ab1375886d56992b93ddfe6bf52bff575d03662be", size = 2189759, upload-time = "2025-10-06T21:11:33.753Z" },
    { url = "https://files.pythonhosted.org/packages/66/45/4a4ebaaae12a740552278d06fe71418c0f2869537a369a89c0e6723b341d/pydantic_core-2.41.1-cp314-cp314-musllinux_1_1_aarch64.whl", hash = "sha256:4f94f3ab188f44b9a73f7295663f3ecb8f2e2dd03a69c8f2ead50d37785ecb04", size = 2140747, upload-time = "2025-10-06T21:11:35.781Z" },
    { url = "https://files.pythonhosted.org/packages/da/6d/b727ce1022f143194a36593243ff244ed5a1eb3c9122296bf7e716aa37ba/pydantic_core-2.41.1-cp314-cp314-musllinux_1_1_armv7l.whl", hash = "sha256:3925446673641d37c30bd84a9d597e49f72eacee8b43322c8999fa17d5ae5bc4", size = 2327416, upload-time = "2025-10-06T21:11:37.75Z" },
    { url = "https://files.pythonhosted.org/packages/6f/8c/02df9d8506c427787059f87c6c7253435c6895e12472a652d9616ee0fc95/pydantic_core-2.41.1-cp314-cp314-musllinux_1_1_x86_64.whl", hash = "sha256:49bd51cc27adb980c7b97357ae036ce9b3c4d0bb406e84fbe16fb2d368b602a8", size = 2318138, upload-time = "2025-10-06T21:11:39.463Z" },
    { url = "https://files.pythonhosted.org/packages/98/67/0cf429a7d6802536941f430e6e3243f6d4b68f41eeea4b242372f1901794/pydantic_core-2.41.1-cp314-cp314-win32.whl", hash = "sha256:a31ca0cd0e4d12ea0df0077df2d487fc3eb9d7f96bbb13c3c5b88dcc21d05159", size = 1998429, upload-time = "2025-10-06T21:11:41.989Z" },
    { url = "https://files.pythonhosted.org/packages/38/60/742fef93de5d085022d2302a6317a2b34dbfe15258e9396a535c8a100ae7/pydantic_core-2.41.1-cp314-cp314-win_amd64.whl", hash = "sha256:1b5c4374a152e10a22175d7790e644fbd8ff58418890e07e2073ff9d4414efae", size = 2028870, upload-time = "2025-10-06T21:11:43.66Z" },
    { url = "https://files.pythonhosted.org/packages/31/38/cdd8ccb8555ef7720bd7715899bd6cfbe3c29198332710e1b61b8f5dd8b8/pydantic_core-2.41.1-cp314-cp314-win_arm64.whl", hash = "sha256:4fee76d757639b493eb600fba668f1e17475af34c17dd61db7a47e824d464ca9", size = 1974275, upload-time = "2025-10-06T21:11:45.476Z" },
    { url = "https://files.pythonhosted.org/packages/e7/7e/8ac10ccb047dc0221aa2530ec3c7c05ab4656d4d4bd984ee85da7f3d5525/pydantic_core-2.41.1-cp314-cp314t-macosx_11_0_arm64.whl", hash = "sha256:f9b9c968cfe5cd576fdd7361f47f27adeb120517e637d1b189eea1c3ece573f4", size = 1875124, upload-time = "2025-10-06T21:11:47.591Z" },
    { url = "https://files.pythonhosted.org/packages/c3/e4/7d9791efeb9c7d97e7268f8d20e0da24d03438a7fa7163ab58f1073ba968/pydantic_core-2.41.1-cp314-cp314t-manylinux_2_17_x86_64.manylinux2014_x86_64.whl", hash = "sha256:f1ebc7ab67b856384aba09ed74e3e977dded40e693de18a4f197c67d0d4e6d8e", size = 2043075, upload-time = "2025-10-06T21:11:49.542Z" },
    { url = "https://files.pythonhosted.org/packages/2d/c3/3f6e6b2342ac11ac8cd5cb56e24c7b14afa27c010e82a765ffa5f771884a/pydantic_core-2.41.1-cp314-cp314t-win_amd64.whl", hash = "sha256:8ae0dc57b62a762985bc7fbf636be3412394acc0ddb4ade07fe104230f1b9762", size = 1995341, upload-time = "2025-10-06T21:11:51.497Z" },
]

[[package]]
name = "pygments"
version = "2.20.0"
source = { registry = "https://pypi.org/simple" }
sdist = { url = "https://files.pythonhosted.org/packages/c3/b2/bc9c9196916376152d655522fdcebac55e66de6603a76a02bca1b6414f6c/pygments-2.20.0.tar.gz", hash = "sha256:6757cd03768053ff99f3039c1a36d6c0aa0b263438fcab17520b30a303a82b5f", size = 4955991, upload-time = "2026-03-29T13:29:33.898Z" }
wheels = [
    { url = "https://files.pythonhosted.org/packages/f4/7e/a72dd26f3b0f4f2bf1dd8923c85f7ceb43172af56d63c7383eb62b332364/pygments-2.20.0-py3-none-any.whl", hash = "sha256:81a9e26dd42fd28a23a2d169d86d7ac03b46e2f8b59ed4698fb4785f946d0176", size = 1231151, upload-time = "2026-03-29T13:29:30.038Z" },
]

[[package]]
name = "pytest"
version = "9.1.0"
source = { registry = "https://pypi.org/simple" }
dependencies = [
    { name = "colorama", marker = "sys_platform == 'win32'" },
    { name = "iniconfig" },
    { name = "packaging" },
    { name = "pluggy" },
    { name = "pygments" },
]
sdist = { url = "https://files.pythonhosted.org/packages/84/0e/b5858858d74958632c49b72cb25a3976ff9f632397626715be71c89d3971/pytest-9.1.0.tar.gz", hash = "sha256:41dd9148c08072446394cefd3d79701701335a9f4cae69ba92e39f6c7f5c061c", size = 1634181, upload-time = "2026-06-13T18:52:45.983Z" }
wheels = [
    { url = "https://files.pythonhosted.org/packages/8b/5a/ba30a81239b909821b3153e303e7def45178bf353da4f72380e6c5e8793b/pytest-9.1.0-py3-none-any.whl", hash = "sha256:8ebb0e7888bdf2bdfc602ec51f8f62d50200af37356c74e503c79a94f5c81f32", size = 386453, upload-time = "2026-06-13T18:52:44.045Z" },
]

[[package]]
name = "pyyaml"
version = "6.0.3"
source = { registry = "https://pypi.org/simple" }
sdist = { url = "https://files.pythonhosted.org/packages/05/8e/961c0007c59b8dd7729d542c61a4d537767a59645b82a0b521206e1e25c2/pyyaml-6.0.3.tar.gz", hash = "sha256:d76623373421df22fb4cf8817020cbb7ef15c725b9d5e45f17e189bfc384190f", size = 130960, upload-time = "2025-09-25T21:33:16.546Z" }
wheels = [
    { url = "https://files.pythonhosted.org/packages/9d/8c/f4bd7f6465179953d3ac9bc44ac1a8a3e6122cf8ada906b4f96c60172d43/pyyaml-6.0.3-cp314-cp314-macosx_10_13_x86_64.whl", hash = "sha256:8d1fab6bb153a416f9aeb4b8763bc0f22a5586065f86f7664fc23339fc1c1fac", size = 181814, upload-time = "2025-09-25T21:32:35.712Z" },
    { url = "https://files.pythonhosted.org/packages/bd/9c/4d95bb87eb2063d20db7b60faa3840c1b18025517ae857371c4dd55a6b3a/pyyaml-6.0.3-cp314-cp314-macosx_11_0_arm64.whl", hash = "sha256:34d5fcd24b8445fadc33f9cf348c1047101756fd760b4dacb5c3e99755703310", size = 173809, upload-time = "2025-09-25T21:32:36.789Z" },
    { url = "https://files.pythonhosted.org/packages/92/b5/47e807c2623074914e29dabd16cbbdd4bf5e9b2db9f8090fa64411fc5382/pyyaml-6.0.3-cp314-cp314-manylinux2014_aarch64.manylinux_2_17_aarch64.manylinux_2_28_aarch64.whl", hash = "sha256:501a031947e3a9025ed4405a168e6ef5ae3126c59f90ce0cd6f2bfc477be31b7", size = 766454, upload-time = "2025-09-25T21:32:37.966Z" },
    { url = "https://files.pythonhosted.org/packages/02/9e/e5e9b168be58564121efb3de6859c452fccde0ab093d8438905899a3a483/pyyaml-6.0.3-cp314-cp314-manylinux2014_s390x.manylinux_2_17_s390x.manylinux_2_28_s390x.whl", hash = "sha256:b3bc83488de33889877a0f2543ade9f70c67d66d9ebb4ac959502e12de895788", size = 836355, upload-time = "2025-09-25T21:32:39.178Z" },
    { url = "https://files.pythonhosted.org/packages/88/f9/16491d7ed2a919954993e48aa941b200f38040928474c9e85ea9e64222c3/pyyaml-6.0.3-cp314-cp314-manylinux2014_x86_64.manylinux_2_17_x86_64.manylinux_2_28_x86_64.whl", hash = "sha256:c458b6d084f9b935061bc36216e8a69a7e293a2f1e68bf956dcd9e6cbcd143f5", size = 794175, upload-time = "2025-09-25T21:32:40.865Z" },
    { url = "https://files.pythonhosted.org/packages/dd/3f/5989debef34dc6397317802b527dbbafb2b4760878a53d4166579111411e/pyyaml-6.0.3-cp314-cp314-musllinux_1_2_aarch64.whl", hash = "sha256:7c6610def4f163542a622a73fb39f534f8c101d690126992300bf3207eab9764", size = 755228, upload-time = "2025-09-25T21:32:42.084Z" },
    { url = "https://files.pythonhosted.org/packages/d7/ce/af88a49043cd2e265be63d083fc75b27b6ed062f5f9fd6cdc223ad62f03e/pyyaml-6.0.3-cp314-cp314-musllinux_1_2_x86_64.whl", hash = "sha256:5190d403f121660ce8d1d2c1bb2ef1bd05b5f68533fc5c2ea899bd15f4399b35", size = 789194, upload-time = "2025-09-25T21:32:43.362Z" },
    { url = "https://files.pythonhosted.org/packages/23/20/bb6982b26a40bb43951265ba29d4c246ef0ff59c9fdcdf0ed04e0687de4d/pyyaml-6.0.3-cp314-cp314-win_amd64.whl", hash = "sha256:4a2e8cebe2ff6ab7d1050ecd59c25d4c8bd7e6f400f5f82b96557ac0abafd0ac", size = 156429, upload-time = "2025-09-25T21:32:57.844Z" },
    { url = "https://files.pythonhosted.org/packages/f4/f4/a4541072bb9422c8a883ab55255f918fa378ecf083f5b85e87fc2b4eda1b/pyyaml-6.0.3-cp314-cp314-win_arm64.whl", hash = "sha256:93dda82c9c22deb0a405ea4dc5f2d0cda384168e466364dec6255b293923b2f3", size = 143912, upload-time = "2025-09-25T21:32:59.247Z" },
    { url = "https://files.pythonhosted.org/packages/7c/f9/07dd09ae774e4616edf6cda684ee78f97777bdd15847253637a6f052a62f/pyyaml-6.0.3-cp314-cp314t-macosx_10_13_x86_64.whl", hash = "sha256:02893d100e99e03eda1c8fd5c441d8c60103fd175728e23e431db1b589cf5ab3", size = 189108, upload-time = "2025-09-25T21:32:44.377Z" },
    { url = "https://files.pythonhosted.org/packages/4e/78/8d08c9fb7ce09ad8c38ad533c1191cf27f7ae1effe5bb9400a46d9437fcf/pyyaml-6.0.3-cp314-cp314t-macosx_11_0_arm64.whl", hash = "sha256:c1ff362665ae507275af2853520967820d9124984e0f7466736aea23d8611fba", size = 183641, upload-time = "2025-09-25T21:32:45.407Z" },
    { url = "https://files.pythonhosted.org/packages/7b/5b/3babb19104a46945cf816d047db2788bcaf8c94527a805610b0289a01c6b/pyyaml-6.0.3-cp314-cp314t-manylinux2014_aarch64.manylinux_2_17_aarch64.manylinux_2_28_aarch64.whl", hash = "sha256:6adc77889b628398debc7b65c073bcb99c4a0237b248cacaf3fe8a557563ef6c", size = 831901, upload-time = "2025-09-25T21:32:48.83Z" },
    { url = "https://files.pythonhosted.org/packages/8b/cc/dff0684d8dc44da4d22a13f35f073d558c268780ce3c6ba1b87055bb0b87/pyyaml-6.0.3-cp314-cp314t-manylinux2014_s390x.manylinux_2_17_s390x.manylinux_2_28_s390x.whl", hash = "sha256:a80cb027f6b349846a3bf6d73b5e95e782175e52f22108cfa17876aaeff93702", size = 861132, upload-time = "2025-09-25T21:32:50.149Z" },
    { url = "https://files.pythonhosted.org/packages/b1/5e/f77dc6b9036943e285ba76b49e118d9ea929885becb0a29ba8a7c75e29fe/pyyaml-6.0.3-cp314-cp314t-manylinux2014_x86_64.manylinux_2_17_x86_64.manylinux_2_28_x86_64.whl", hash = "sha256:00c4bdeba853cc34e7dd471f16b4114f4162dc03e6b7afcc2128711f0eca823c", size = 839261, upload-time = "2025-09-25T21:32:51.808Z" },
    { url = "https://files.pythonhosted.org/packages/ce/88/a9db1376aa2a228197c58b37302f284b5617f56a5d959fd1763fb1675ce6/pyyaml-6.0.3-cp314-cp314t-musllinux_1_2_aarch64.whl", hash = "sha256:66e1674c3ef6f541c35191caae2d429b967b99e02040f5ba928632d9a7f0f065", size = 805272, upload-time = "2025-09-25T21:32:52.941Z" },
    { url = "https://files.pythonhosted.org/packages/da/92/1446574745d74df0c92e6aa4a7b0b3130706a4142b2d1a5869f2eaa423c6/pyyaml-6.0.3-cp314-cp314t-musllinux_1_2_x86_64.whl", hash = "sha256:16249ee61e95f858e83976573de0f5b2893b3677ba71c9dd36b9cf8be9ac6d65", size = 829923, upload-time = "2025-09-25T21:32:54.537Z" },
    { url = "https://files.pythonhosted.org/packages/f0/7a/1c7270340330e575b92f397352af856a8c06f230aa3e76f86b39d01b416a/pyyaml-6.0.3-cp314-cp314t-win_amd64.whl", hash = "sha256:4ad1906908f2f5ae4e5a8ddfce73c320c2a1429ec52eafd27138b7f1cbe341c9", size = 174062, upload-time = "2025-09-25T21:32:55.767Z" },
    { url = "https://files.pythonhosted.org/packages/f1/12/de94a39c2ef588c7e6455cfbe7343d3b2dc9d6b6b2f40c4c6565744c873d/pyyaml-6.0.3-cp314-cp314t-win_arm64.whl", hash = "sha256:ebc55a14a21cb14062aa4162f906cd962b28e2e9ea38f9b4391244cd8de4ae0b", size = 149341, upload-time = "2025-09-25T21:32:56.828Z" },
]

[[package]]
name = "ruff"
version = "0.15.17"
source = { registry = "https://pypi.org/simple" }
sdist = { url = "https://files.pythonhosted.org/packages/8c/a9/3abdf488f1bf3d24c699415e454ed554a6350d5d89ce183be1ee0a3361ac/ruff-0.15.17.tar.gz", hash = "sha256:2ec446937fd16c8c4de2674a209cc5af64d9c6f17d21fbf1151054fa0bcf5219", size = 4743346, upload-time = "2026-06-11T17:54:47.663Z" }
wheels = [
    { url = "https://files.pythonhosted.org/packages/db/4d/e11259f5da07cb6afb2d074c31bf09da9671993f7329d4f15d2fdc458301/ruff-0.15.17-py3-none-linux_armv6l.whl", hash = "sha256:d9feddb927fc68bd295f5eebc587a7e42cfaf9b65f60ca4a2386febff575da8f", size = 10856677, upload-time = "2026-06-11T17:54:49.533Z" },
    { url = "https://files.pythonhosted.org/packages/29/3e/772d679e1a0dc058e58875bd2c0cb713a0530877b4a76fee3c7966df0d49/ruff-0.15.17-py3-none-macosx_10_12_x86_64.whl", hash = "sha256:25805a226d741c47d274a35ad5c10a7dde175fcddfa511d7cf3da0a21eb3eab7", size = 11223443, upload-time = "2026-06-11T17:55:00.573Z" },
    { url = "https://files.pythonhosted.org/packages/68/58/bd41f7688b2fd5623012605130ed70e60aa7f2244baa3d5066bdd61530c8/ruff-0.15.17-py3-none-macosx_11_0_arm64.whl", hash = "sha256:f6ad73b14c2d18a3bf8ad7cb6974294d7f613a7898604826058e6ac64918ef4d", size = 10566458, upload-time = "2026-06-11T17:55:07.52Z" },
    { url = "https://files.pythonhosted.org/packages/d8/5b/733371013fcf1ec339e477ece6ab42bfe10bdd9bba8ee88a9516aa56bfc0/ruff-0.15.17-py3-none-manylinux_2_17_aarch64.manylinux2014_aarch64.whl", hash = "sha256:6ba0c1e4f95bcb3869d0d30cbd5917071ef2e28665abfec970cdab0492c713ed", size = 10914483, upload-time = "2026-06-11T17:55:05.501Z" },
    { url = "https://files.pythonhosted.org/packages/bd/cc/6f24251cc0252f7239391ccb85833f320efad14ebe5b443943f37ced6332/ruff-0.15.17-py3-none-manylinux_2_17_armv7l.manylinux2014_armv7l.whl", hash = "sha256:81647960f10bff57d2e51cadd0c3950fe598400c852863a038720ef5b8cca91e", size = 10647497, upload-time = "2026-06-11T17:54:57.733Z" },
    { url = "https://files.pythonhosted.org/packages/68/dd/0d10c17ce1a1624d6fc3156309c3f834fdb5dfaad026ec90c85684f3990e/ruff-0.15.17-py3-none-manylinux_2_17_i686.manylinux2014_i686.whl", hash = "sha256:0e01a84ddbc8c16c23055ba3924476850f1bbc1917cebbb9376665a63e74260d", size = 11416967, upload-time = "2026-06-11T17:54:51.461Z" },
    { url = "https://files.pythonhosted.org/packages/2f/91/556bfb156f6144f355e831c23db00b2fc4120f86b3ce81cc5f7fd2df51f3/ruff-0.15.17-py3-none-manylinux_2_17_ppc64le.manylinux2014_ppc64le.whl", hash = "sha256:84fe9f653152f8f294f9f7e03bf3a453d8b4a27f7a59c78c8666167f2b17b96c", size = 12335770, upload-time = "2026-06-11T17:54:45.793Z" },
    { url = "https://files.pythonhosted.org/packages/88/82/8b5999aa13355e926f06d9f42a32dcca862f623bf0363785ff89d607dffd/ruff-0.15.17-py3-none-manylinux_2_17_s390x.manylinux2014_s390x.whl", hash = "sha256:8c0fe88a7676e7a05b73174d4d4a59cb2ac21ff8263583f87a81a6018475a978", size = 11575441, upload-time = "2026-06-11T17:54:32.661Z" },
    { url = "https://files.pythonhosted.org/packages/11/93/f10377bb04109ca0e8cbc483ff1982c54b6d418210041776f93e8cdc7fa9/ruff-0.15.17-py3-none-manylinux_2_17_x86_64.manylinux2014_x86_64.whl", hash = "sha256:ecfc3c7878fff94633ab0348524e093f9ce3243080416dd7d14f8ba400174719", size = 11557614, upload-time = "2026-06-11T17:54:34.698Z" },
    { url = "https://files.pythonhosted.org/packages/c7/a6/eeeae7f7d5493df41649ab3db92f086b2d0a30199e4efdf8e3dd7a033f24/ruff-0.15.17-py3-none-manylinux_2_31_riscv64.whl", hash = "sha256:b8461180b22420b1bdc289909410930761629fddf2a5aaf60fae1ab26cedc4c4", size = 11544450, upload-time = "2026-06-11T17:54:39.042Z" },
    { url = "https://files.pythonhosted.org/packages/32/88/5991ce565129a24dd4a00db1254b3b5db2e53018cbe4018ea5a89738e727/ruff-0.15.17-py3-none-musllinux_1_2_aarch64.whl", hash = "sha256:6eccbe50a038b503e7140b441aa9c7fc8c1f36edf23ebef9f4165c2f28f568b7", size = 10892524, upload-time = "2026-06-11T17:55:09.432Z" },
    { url = "https://files.pythonhosted.org/packages/f5/1d/0fdd248313425f55223968af04b0a42125466a8d88d21c1d99c6af0a51e8/ruff-0.15.17-py3-none-musllinux_1_2_armv7l.whl", hash = "sha256:382fc0521025f5a8ad447d8bdd523545d0d7646adb718eb1c2dac5065ec27c0f", size = 10659573, upload-time = "2026-06-11T17:54:36.824Z" },
    { url = "https://files.pythonhosted.org/packages/9e/0e/072e8260deb9461062ce9311ced27a8e541229a6ffd483013dd37661e43e/ruff-0.15.17-py3-none-musllinux_1_2_i686.whl", hash = "sha256:456d41fcd1b2777ad63f09a6e7121d43f7b688bbc76a800c10f7f8fb1f912c3f", size = 11127818, upload-time = "2026-06-11T17:55:03.124Z" },
    { url = "https://files.pythonhosted.org/packages/ab/b4/55060a34163121498014696b5f656db5b8c6963768f227dbf0d76b311073/ruff-0.15.17-py3-none-musllinux_1_2_x86_64.whl", hash = "sha256:b1a04bcc94ae6194e9db05d16ad31f298a7194bfbcb08258bbe589cee1d587b8", size = 11655901, upload-time = "2026-06-11T17:54:53.562Z" },
    { url = "https://files.pythonhosted.org/packages/49/71/9b29d6b87cef468d697f43c6a91e3fae4a80185779d7d5a4ef27d173439f/ruff-0.15.17-py3-none-win32.whl", hash = "sha256:596065960ab1ff593f744220c9fe6580eda00a95003cffa9f4048bb5b1bf0392", size = 10925574, upload-time = "2026-06-11T17:54:55.723Z" },
    { url = "https://files.pythonhosted.org/packages/3d/b2/8fc77f3723228836fa5d12497eb71c808f83782e10d058d2b15cfa14640b/ruff-0.15.17-py3-none-win_amd64.whl", hash = "sha256:6769e5fa1710b179b92e0bfa5a51735b35baea9013dadb06d5f44cbcf9547084", size = 12058788, upload-time = "2026-06-11T17:54:41.042Z" },
    { url = "https://files.pythonhosted.org/packages/2d/c7/c53e8dbff9c9dc4b7928773421ae294a5d28fcb8dcda1a089579d3a7e510/ruff-0.15.17-py3-none-win_arm64.whl", hash = "sha256:f3be1fbb34bcdfd146240d8fb92a709d4c2c8191348580a3c044ec60fa0b4456", size = 11355275, upload-time = "2026-06-11T17:54:43.635Z" },
]

[[package]]
name = "sniffio"
version = "1.3.1"
source = { registry = "https://pypi.org/simple" }
sdist = { url = "https://files.pythonhosted.org/packages/a2/87/a6771e1546d97e7e041b6ae58d80074f81b7d5121207425c964ddf5cfdbd/sniffio-1.3.1.tar.gz", hash = "sha256:f4324edc670a0f49750a81b895f35c3adb843cca46f0530f79fc1babb23789dc", size = 20372, upload-time = "2024-02-25T23:20:04.057Z" }
wheels = [
    { url = "https://files.pythonhosted.org/packages/e9/44/75a9c9421471a6c4805dbf2356f7c181a29c1879239abab1ea2cc8f38b40/sniffio-1.3.1-py3-none-any.whl", hash = "sha256:2f6da418d1f1e0fddd844478f41680e794e6051915791a034ff65e5f100525a2", size = 10235, upload-time = "2024-02-25T23:20:01.196Z" },
]

[[package]]
name = "tqdm"
version = "4.68.2"
source = { registry = "https://pypi.org/simple" }
dependencies = [
    { name = "colorama", marker = "sys_platform == 'win32'" },
]
sdist = { url = "https://files.pythonhosted.org/packages/85/05/0d5260f1f1ca784f4a4a0def9cbe6affe587f5b4025328d446c3d67765f4/tqdm-4.68.2.tar.gz", hash = "sha256:89c230e8dbc67c7615c142487111222f878c77427ea09549960f62389e258add", size = 171923, upload-time = "2026-06-09T13:26:42.539Z" }
wheels = [
    { url = "https://files.pythonhosted.org/packages/eb/75/1a0392bcc21c44dcdf87b3cf2d137e7829be2c083a1e38d44efca3d57a16/tqdm-4.68.2-py3-none-any.whl", hash = "sha256:d4240441fb5353290b87d6a85968c9decc131a99b8c7faa28269d829de669ede", size = 78578, upload-time = "2026-06-09T13:26:40.731Z" },
]

[[package]]
name = "typing-extensions"
version = "4.15.0"
source = { registry = "https://pypi.org/simple" }
sdist = { url = "https://files.pythonhosted.org/packages/72/94/1a15dd82efb362ac84269196e94cf00f187f7ed21c242792a923cdb1c61f/typing_extensions-4.15.0.tar.gz", hash = "sha256:0cea48d173cc12fa28ecabc3b837ea3cf6f38c6d1136f85cbaaf598984861466", size = 109391, upload-time = "2025-08-25T13:49:26.313Z" }
wheels = [
    { url = "https://files.pythonhosted.org/packages/18/67/36e9267722cc04a6b9f15c7f3441c2363321a3ea07da7ae0c0707beb2a9c/typing_extensions-4.15.0-py3-none-any.whl", hash = "sha256:f0fa19c6845758ab08074a0cfa8b7aecb71c999ca73d62883bc25cc018c4e548", size = 44614, upload-time = "2025-08-25T13:49:24.86Z" },
]

[[package]]
name = "typing-inspection"
version = "0.4.2"
source = { registry = "https://pypi.org/simple" }
dependencies = [
    { name = "typing-extensions" },
]
sdist = { url = "https://files.pythonhosted.org/packages/55/e3/70399cb7dd41c10ac53367ae42139cf4b1ca5f36bb3dc6c9d33acdb43655/typing_inspection-0.4.2.tar.gz", hash = "sha256:ba561c48a67c5958007083d386c3295464928b01faa735ab8547c5692e87f464", size = 75949, upload-time = "2025-10-01T02:14:41.687Z" }
wheels = [
    { url = "https://files.pythonhosted.org/packages/dc/9b/47798a6c91d8bdb567fe2698fe81e0c6b7cb7ef4d13da4114b41d239f65d/typing_inspection-0.4.2-py3-none-any.whl", hash = "sha256:4ed1cacbdc298c220f1bd249ed5287caa16f34d44ef4e9c3d0cbad5b521545e7", size = 14611, upload-time = "2025-10-01T02:14:40.154Z" },
]
